{
  "nodes": {
    "nixpkgs": {
      "info": {
        "lastModified": 1590692307,
        "narHash": "sha256-rAq7smRWtGmPdMolBTdA7Eps8TS9noJ2oE6jkUA8Npc="
      },
      "locked": {
        "owner": "NixOS",
        "repo": "nixpkgs",
        "rev": "d4226e3a4b5fcf988027147164e86665d382bbfa",
        "type": "github"
      },
      "original": {
        "id": "nixpkgs",
        "type": "indirect"
      }
    },
    "root": {
      "inputs": {
        "nixpkgs": "nixpkgs"
      }
    }
  },
  "root": "root",
  "version": 5
}
